
Microsoft Visual Studio Solution File, Format Version 12.00
# Visual Studio Version 17
VisualStudioVersion = 17.3.32825.248
MinimumVisualStudioVersion = 10.0.40219.1
Project("{FAE04EC0-301F-11D3-BF4B-00C04F79EFBC}") = "46", "46\46.csproj", "{CE862A0D-5193-4F2D-B520-3FCF5076BFED}"
EndProject
Global
	GlobalSection(SolutionConfigurationPlatforms) = preSolution
		Debug|Any CPU = Debug|Any CPU
		Release|Any CPU = Release|Any CPU
	EndGlobalSection
	GlobalSection(ProjectConfigurationPlatforms) = postSolution
		{CE862A0D-5193-4F2D-B520-3FCF5076BFED}.Debug|Any CPU.ActiveCfg = Debug|Any CPU
		{CE862A0D-5193-4F2D-B520-3FCF5076BFED}.Debug|Any CPU.Build.0 = Debug|Any CPU
		{CE862A0D-5193-4F2D-B520-3FCF5076BFED}.Release|Any CPU.ActiveCfg = Release|Any CPU
		{CE862A0D-5193-4F2D-B520-3FCF5076BFED}.Release|Any CPU.Build.0 = Release|Any CPU
	EndGlobalSection
	GlobalSection(SolutionProperties) = preSolution
		HideSolutionNode = FALSE
	EndGlobalSection
	GlobalSection(ExtensibilityGlobals) = postSolution
		SolutionGuid = {64BA26FB-EFD3-4FE7-9E2B-20ADCAFA3982}
	EndGlobalSection
EndGlobal
