
Microsoft Visual Studio Solution File, Format Version 12.00
# Visual Studio Version 17
VisualStudioVersion = 17.3.32825.248
MinimumVisualStudioVersion = 10.0.40219.1
Project("{FAE04EC0-301F-11D3-BF4B-00C04F79EFBC}") = "18", "18\18.csproj", "{73C86248-A7A6-4570-B629-C439CD3B1BB7}"
EndProject
Global
	GlobalSection(SolutionConfigurationPlatforms) = preSolution
		Debug|Any CPU = Debug|Any CPU
		Release|Any CPU = Release|Any CPU
	EndGlobalSection
	GlobalSection(ProjectConfigurationPlatforms) = postSolution
		{73C86248-A7A6-4570-B629-C439CD3B1BB7}.Debug|Any CPU.ActiveCfg = Debug|Any CPU
		{73C86248-A7A6-4570-B629-C439CD3B1BB7}.Debug|Any CPU.Build.0 = Debug|Any CPU
		{73C86248-A7A6-4570-B629-C439CD3B1BB7}.Release|Any CPU.ActiveCfg = Release|Any CPU
		{73C86248-A7A6-4570-B629-C439CD3B1BB7}.Release|Any CPU.Build.0 = Release|Any CPU
	EndGlobalSection
	GlobalSection(SolutionProperties) = preSolution
		HideSolutionNode = FALSE
	EndGlobalSection
	GlobalSection(ExtensibilityGlobals) = postSolution
		SolutionGuid = {380FD7FE-D15D-4802-A325-ADA393817DF2}
	EndGlobalSection
EndGlobal
