
Microsoft Visual Studio Solution File, Format Version 12.00
# Visual Studio Version 17
VisualStudioVersion = 17.3.32825.248
MinimumVisualStudioVersion = 10.0.40219.1
Project("{FAE04EC0-301F-11D3-BF4B-00C04F79EFBC}") = "47", "47\47.csproj", "{4DDE16DA-3B52-4778-BC80-FCF3C5A6C461}"
EndProject
Global
	GlobalSection(SolutionConfigurationPlatforms) = preSolution
		Debug|Any CPU = Debug|Any CPU
		Release|Any CPU = Release|Any CPU
	EndGlobalSection
	GlobalSection(ProjectConfigurationPlatforms) = postSolution
		{4DDE16DA-3B52-4778-BC80-FCF3C5A6C461}.Debug|Any CPU.ActiveCfg = Debug|Any CPU
		{4DDE16DA-3B52-4778-BC80-FCF3C5A6C461}.Debug|Any CPU.Build.0 = Debug|Any CPU
		{4DDE16DA-3B52-4778-BC80-FCF3C5A6C461}.Release|Any CPU.ActiveCfg = Release|Any CPU
		{4DDE16DA-3B52-4778-BC80-FCF3C5A6C461}.Release|Any CPU.Build.0 = Release|Any CPU
	EndGlobalSection
	GlobalSection(SolutionProperties) = preSolution
		HideSolutionNode = FALSE
	EndGlobalSection
	GlobalSection(ExtensibilityGlobals) = postSolution
		SolutionGuid = {4C9C4660-52A9-4FBB-B3FA-334829868DD3}
	EndGlobalSection
EndGlobal
