
Microsoft Visual Studio Solution File, Format Version 12.00
# Visual Studio Version 17
VisualStudioVersion = 17.3.32825.248
MinimumVisualStudioVersion = 10.0.40219.1
Project("{FAE04EC0-301F-11D3-BF4B-00C04F79EFBC}") = "58", "58\58.csproj", "{B059E8CF-A99C-40EA-AB76-518F50931C62}"
EndProject
Global
	GlobalSection(SolutionConfigurationPlatforms) = preSolution
		Debug|Any CPU = Debug|Any CPU
		Release|Any CPU = Release|Any CPU
	EndGlobalSection
	GlobalSection(ProjectConfigurationPlatforms) = postSolution
		{B059E8CF-A99C-40EA-AB76-518F50931C62}.Debug|Any CPU.ActiveCfg = Debug|Any CPU
		{B059E8CF-A99C-40EA-AB76-518F50931C62}.Debug|Any CPU.Build.0 = Debug|Any CPU
		{B059E8CF-A99C-40EA-AB76-518F50931C62}.Release|Any CPU.ActiveCfg = Release|Any CPU
		{B059E8CF-A99C-40EA-AB76-518F50931C62}.Release|Any CPU.Build.0 = Release|Any CPU
	EndGlobalSection
	GlobalSection(SolutionProperties) = preSolution
		HideSolutionNode = FALSE
	EndGlobalSection
	GlobalSection(ExtensibilityGlobals) = postSolution
		SolutionGuid = {EC0D8462-5BAA-431C-9BC4-1ED8B7F206B2}
	EndGlobalSection
EndGlobal
