
Microsoft Visual Studio Solution File, Format Version 12.00
# Visual Studio Version 17
VisualStudioVersion = 17.3.32825.248
MinimumVisualStudioVersion = 10.0.40219.1
Project("{FAE04EC0-301F-11D3-BF4B-00C04F79EFBC}") = "04", "04\04.csproj", "{192125A8-A4F0-47D2-B8FE-5B46F8F5242F}"
EndProject
Global
	GlobalSection(SolutionConfigurationPlatforms) = preSolution
		Debug|Any CPU = Debug|Any CPU
		Release|Any CPU = Release|Any CPU
	EndGlobalSection
	GlobalSection(ProjectConfigurationPlatforms) = postSolution
		{192125A8-A4F0-47D2-B8FE-5B46F8F5242F}.Debug|Any CPU.ActiveCfg = Debug|Any CPU
		{192125A8-A4F0-47D2-B8FE-5B46F8F5242F}.Debug|Any CPU.Build.0 = Debug|Any CPU
		{192125A8-A4F0-47D2-B8FE-5B46F8F5242F}.Release|Any CPU.ActiveCfg = Release|Any CPU
		{192125A8-A4F0-47D2-B8FE-5B46F8F5242F}.Release|Any CPU.Build.0 = Release|Any CPU
	EndGlobalSection
	GlobalSection(SolutionProperties) = preSolution
		HideSolutionNode = FALSE
	EndGlobalSection
	GlobalSection(ExtensibilityGlobals) = postSolution
		SolutionGuid = {655D7738-43F5-4BC2-99DA-18DAB6830BD4}
	EndGlobalSection
EndGlobal
