
Microsoft Visual Studio Solution File, Format Version 12.00
# Visual Studio Version 17
VisualStudioVersion = 17.3.32825.248
MinimumVisualStudioVersion = 10.0.40219.1
Project("{FAE04EC0-301F-11D3-BF4B-00C04F79EFBC}") = "2", "2\2.csproj", "{EF029EEB-DF66-4598-96F1-E45824CD50D6}"
EndProject
Global
	GlobalSection(SolutionConfigurationPlatforms) = preSolution
		Debug|Any CPU = Debug|Any CPU
		Release|Any CPU = Release|Any CPU
	EndGlobalSection
	GlobalSection(ProjectConfigurationPlatforms) = postSolution
		{EF029EEB-DF66-4598-96F1-E45824CD50D6}.Debug|Any CPU.ActiveCfg = Debug|Any CPU
		{EF029EEB-DF66-4598-96F1-E45824CD50D6}.Debug|Any CPU.Build.0 = Debug|Any CPU
		{EF029EEB-DF66-4598-96F1-E45824CD50D6}.Release|Any CPU.ActiveCfg = Release|Any CPU
		{EF029EEB-DF66-4598-96F1-E45824CD50D6}.Release|Any CPU.Build.0 = Release|Any CPU
	EndGlobalSection
	GlobalSection(SolutionProperties) = preSolution
		HideSolutionNode = FALSE
	EndGlobalSection
	GlobalSection(ExtensibilityGlobals) = postSolution
		SolutionGuid = {BFD334DA-9DFA-481C-88F8-9B6803853791}
	EndGlobalSection
EndGlobal
