
Microsoft Visual Studio Solution File, Format Version 12.00
# Visual Studio Version 17
VisualStudioVersion = 17.3.32825.248
MinimumVisualStudioVersion = 10.0.40219.1
Project("{FAE04EC0-301F-11D3-BF4B-00C04F79EFBC}") = "ex 01", "ex 01\ex 01.csproj", "{921366A1-B48F-44D2-B562-0F0C20DD8E32}"
EndProject
Global
	GlobalSection(SolutionConfigurationPlatforms) = preSolution
		Debug|Any CPU = Debug|Any CPU
		Release|Any CPU = Release|Any CPU
	EndGlobalSection
	GlobalSection(ProjectConfigurationPlatforms) = postSolution
		{921366A1-B48F-44D2-B562-0F0C20DD8E32}.Debug|Any CPU.ActiveCfg = Debug|Any CPU
		{921366A1-B48F-44D2-B562-0F0C20DD8E32}.Debug|Any CPU.Build.0 = Debug|Any CPU
		{921366A1-B48F-44D2-B562-0F0C20DD8E32}.Release|Any CPU.ActiveCfg = Release|Any CPU
		{921366A1-B48F-44D2-B562-0F0C20DD8E32}.Release|Any CPU.Build.0 = Release|Any CPU
	EndGlobalSection
	GlobalSection(SolutionProperties) = preSolution
		HideSolutionNode = FALSE
	EndGlobalSection
	GlobalSection(ExtensibilityGlobals) = postSolution
		SolutionGuid = {D1B6C20A-B4B2-4AB3-81D1-5A3E8AC5E52F}
	EndGlobalSection
EndGlobal
