
Microsoft Visual Studio Solution File, Format Version 12.00
# Visual Studio Version 17
VisualStudioVersion = 17.3.32825.248
MinimumVisualStudioVersion = 10.0.40219.1
Project("{FAE04EC0-301F-11D3-BF4B-00C04F79EFBC}") = "29", "29\29.csproj", "{740E65FB-9FFD-409A-B4F5-8174E040F305}"
EndProject
Global
	GlobalSection(SolutionConfigurationPlatforms) = preSolution
		Debug|Any CPU = Debug|Any CPU
		Release|Any CPU = Release|Any CPU
	EndGlobalSection
	GlobalSection(ProjectConfigurationPlatforms) = postSolution
		{740E65FB-9FFD-409A-B4F5-8174E040F305}.Debug|Any CPU.ActiveCfg = Debug|Any CPU
		{740E65FB-9FFD-409A-B4F5-8174E040F305}.Debug|Any CPU.Build.0 = Debug|Any CPU
		{740E65FB-9FFD-409A-B4F5-8174E040F305}.Release|Any CPU.ActiveCfg = Release|Any CPU
		{740E65FB-9FFD-409A-B4F5-8174E040F305}.Release|Any CPU.Build.0 = Release|Any CPU
	EndGlobalSection
	GlobalSection(SolutionProperties) = preSolution
		HideSolutionNode = FALSE
	EndGlobalSection
	GlobalSection(ExtensibilityGlobals) = postSolution
		SolutionGuid = {B2A23F58-AD20-4059-9763-568F31EE0C23}
	EndGlobalSection
EndGlobal
