
Microsoft Visual Studio Solution File, Format Version 12.00
# Visual Studio Version 17
VisualStudioVersion = 17.3.32825.248
MinimumVisualStudioVersion = 10.0.40219.1
Project("{FAE04EC0-301F-11D3-BF4B-00C04F79EFBC}") = "64", "64\64.csproj", "{DDE0D7EC-D3A0-4E90-8BBA-95DF38C21292}"
EndProject
Global
	GlobalSection(SolutionConfigurationPlatforms) = preSolution
		Debug|Any CPU = Debug|Any CPU
		Release|Any CPU = Release|Any CPU
	EndGlobalSection
	GlobalSection(ProjectConfigurationPlatforms) = postSolution
		{DDE0D7EC-D3A0-4E90-8BBA-95DF38C21292}.Debug|Any CPU.ActiveCfg = Debug|Any CPU
		{DDE0D7EC-D3A0-4E90-8BBA-95DF38C21292}.Debug|Any CPU.Build.0 = Debug|Any CPU
		{DDE0D7EC-D3A0-4E90-8BBA-95DF38C21292}.Release|Any CPU.ActiveCfg = Release|Any CPU
		{DDE0D7EC-D3A0-4E90-8BBA-95DF38C21292}.Release|Any CPU.Build.0 = Release|Any CPU
	EndGlobalSection
	GlobalSection(SolutionProperties) = preSolution
		HideSolutionNode = FALSE
	EndGlobalSection
	GlobalSection(ExtensibilityGlobals) = postSolution
		SolutionGuid = {8EB2708D-8604-45F7-952D-D6549AE99E7F}
	EndGlobalSection
EndGlobal
