
Microsoft Visual Studio Solution File, Format Version 12.00
# Visual Studio Version 17
VisualStudioVersion = 17.3.32825.248
MinimumVisualStudioVersion = 10.0.40219.1
Project("{FAE04EC0-301F-11D3-BF4B-00C04F79EFBC}") = "23", "23\23.csproj", "{DE7AF861-CB6B-42E8-9DF3-2D794F93404B}"
EndProject
Global
	GlobalSection(SolutionConfigurationPlatforms) = preSolution
		Debug|Any CPU = Debug|Any CPU
		Release|Any CPU = Release|Any CPU
	EndGlobalSection
	GlobalSection(ProjectConfigurationPlatforms) = postSolution
		{DE7AF861-CB6B-42E8-9DF3-2D794F93404B}.Debug|Any CPU.ActiveCfg = Debug|Any CPU
		{DE7AF861-CB6B-42E8-9DF3-2D794F93404B}.Debug|Any CPU.Build.0 = Debug|Any CPU
		{DE7AF861-CB6B-42E8-9DF3-2D794F93404B}.Release|Any CPU.ActiveCfg = Release|Any CPU
		{DE7AF861-CB6B-42E8-9DF3-2D794F93404B}.Release|Any CPU.Build.0 = Release|Any CPU
	EndGlobalSection
	GlobalSection(SolutionProperties) = preSolution
		HideSolutionNode = FALSE
	EndGlobalSection
	GlobalSection(ExtensibilityGlobals) = postSolution
		SolutionGuid = {456D3C05-6365-4B42-89EF-C2DD65A0BE19}
	EndGlobalSection
EndGlobal
