
Microsoft Visual Studio Solution File, Format Version 12.00
# Visual Studio Version 17
VisualStudioVersion = 17.3.32825.248
MinimumVisualStudioVersion = 10.0.40219.1
Project("{FAE04EC0-301F-11D3-BF4B-00C04F79EFBC}") = "3", "3\3.csproj", "{C0AAB013-BF67-448A-A919-542628E992BE}"
EndProject
Global
	GlobalSection(SolutionConfigurationPlatforms) = preSolution
		Debug|Any CPU = Debug|Any CPU
		Release|Any CPU = Release|Any CPU
	EndGlobalSection
	GlobalSection(ProjectConfigurationPlatforms) = postSolution
		{C0AAB013-BF67-448A-A919-542628E992BE}.Debug|Any CPU.ActiveCfg = Debug|Any CPU
		{C0AAB013-BF67-448A-A919-542628E992BE}.Debug|Any CPU.Build.0 = Debug|Any CPU
		{C0AAB013-BF67-448A-A919-542628E992BE}.Release|Any CPU.ActiveCfg = Release|Any CPU
		{C0AAB013-BF67-448A-A919-542628E992BE}.Release|Any CPU.Build.0 = Release|Any CPU
	EndGlobalSection
	GlobalSection(SolutionProperties) = preSolution
		HideSolutionNode = FALSE
	EndGlobalSection
	GlobalSection(ExtensibilityGlobals) = postSolution
		SolutionGuid = {8FFB54D4-BC29-46D1-B30E-E08CA2D335AE}
	EndGlobalSection
EndGlobal
