
Microsoft Visual Studio Solution File, Format Version 12.00
# Visual Studio Version 17
VisualStudioVersion = 17.3.32825.248
MinimumVisualStudioVersion = 10.0.40219.1
Project("{FAE04EC0-301F-11D3-BF4B-00C04F79EFBC}") = "50", "50\50.csproj", "{2BB64A3A-D01F-41BE-91E5-7DDC7B2E2C36}"
EndProject
Global
	GlobalSection(SolutionConfigurationPlatforms) = preSolution
		Debug|Any CPU = Debug|Any CPU
		Release|Any CPU = Release|Any CPU
	EndGlobalSection
	GlobalSection(ProjectConfigurationPlatforms) = postSolution
		{2BB64A3A-D01F-41BE-91E5-7DDC7B2E2C36}.Debug|Any CPU.ActiveCfg = Debug|Any CPU
		{2BB64A3A-D01F-41BE-91E5-7DDC7B2E2C36}.Debug|Any CPU.Build.0 = Debug|Any CPU
		{2BB64A3A-D01F-41BE-91E5-7DDC7B2E2C36}.Release|Any CPU.ActiveCfg = Release|Any CPU
		{2BB64A3A-D01F-41BE-91E5-7DDC7B2E2C36}.Release|Any CPU.Build.0 = Release|Any CPU
	EndGlobalSection
	GlobalSection(SolutionProperties) = preSolution
		HideSolutionNode = FALSE
	EndGlobalSection
	GlobalSection(ExtensibilityGlobals) = postSolution
		SolutionGuid = {4AAA1A9D-2C87-4041-83C3-24385AC2A879}
	EndGlobalSection
EndGlobal
