
Microsoft Visual Studio Solution File, Format Version 12.00
# Visual Studio Version 17
VisualStudioVersion = 17.3.32825.248
MinimumVisualStudioVersion = 10.0.40219.1
Project("{FAE04EC0-301F-11D3-BF4B-00C04F79EFBC}") = "09", "09\09.csproj", "{92144521-F4B0-4DE3-816D-69CDAA7EFFEC}"
EndProject
Global
	GlobalSection(SolutionConfigurationPlatforms) = preSolution
		Debug|Any CPU = Debug|Any CPU
		Release|Any CPU = Release|Any CPU
	EndGlobalSection
	GlobalSection(ProjectConfigurationPlatforms) = postSolution
		{92144521-F4B0-4DE3-816D-69CDAA7EFFEC}.Debug|Any CPU.ActiveCfg = Debug|Any CPU
		{92144521-F4B0-4DE3-816D-69CDAA7EFFEC}.Debug|Any CPU.Build.0 = Debug|Any CPU
		{92144521-F4B0-4DE3-816D-69CDAA7EFFEC}.Release|Any CPU.ActiveCfg = Release|Any CPU
		{92144521-F4B0-4DE3-816D-69CDAA7EFFEC}.Release|Any CPU.Build.0 = Release|Any CPU
	EndGlobalSection
	GlobalSection(SolutionProperties) = preSolution
		HideSolutionNode = FALSE
	EndGlobalSection
	GlobalSection(ExtensibilityGlobals) = postSolution
		SolutionGuid = {761CE3B7-BC45-4C7E-94F8-BE3528C5557D}
	EndGlobalSection
EndGlobal
