
Microsoft Visual Studio Solution File, Format Version 12.00
# Visual Studio Version 17
VisualStudioVersion = 17.3.32825.248
MinimumVisualStudioVersion = 10.0.40219.1
Project("{FAE04EC0-301F-11D3-BF4B-00C04F79EFBC}") = "54", "54\54.csproj", "{24E2B7CA-C559-4DC6-886E-98AF6B7BBE71}"
EndProject
Global
	GlobalSection(SolutionConfigurationPlatforms) = preSolution
		Debug|Any CPU = Debug|Any CPU
		Release|Any CPU = Release|Any CPU
	EndGlobalSection
	GlobalSection(ProjectConfigurationPlatforms) = postSolution
		{24E2B7CA-C559-4DC6-886E-98AF6B7BBE71}.Debug|Any CPU.ActiveCfg = Debug|Any CPU
		{24E2B7CA-C559-4DC6-886E-98AF6B7BBE71}.Debug|Any CPU.Build.0 = Debug|Any CPU
		{24E2B7CA-C559-4DC6-886E-98AF6B7BBE71}.Release|Any CPU.ActiveCfg = Release|Any CPU
		{24E2B7CA-C559-4DC6-886E-98AF6B7BBE71}.Release|Any CPU.Build.0 = Release|Any CPU
	EndGlobalSection
	GlobalSection(SolutionProperties) = preSolution
		HideSolutionNode = FALSE
	EndGlobalSection
	GlobalSection(ExtensibilityGlobals) = postSolution
		SolutionGuid = {6A56058A-904B-4883-8558-B0DDCAADC99E}
	EndGlobalSection
EndGlobal
