
Microsoft Visual Studio Solution File, Format Version 12.00
# Visual Studio Version 17
VisualStudioVersion = 17.3.32825.248
MinimumVisualStudioVersion = 10.0.40219.1
Project("{FAE04EC0-301F-11D3-BF4B-00C04F79EFBC}") = "10", "10\10.csproj", "{EBA0D647-66BF-443D-A69B-34F6DD653C87}"
EndProject
Global
	GlobalSection(SolutionConfigurationPlatforms) = preSolution
		Debug|Any CPU = Debug|Any CPU
		Release|Any CPU = Release|Any CPU
	EndGlobalSection
	GlobalSection(ProjectConfigurationPlatforms) = postSolution
		{EBA0D647-66BF-443D-A69B-34F6DD653C87}.Debug|Any CPU.ActiveCfg = Debug|Any CPU
		{EBA0D647-66BF-443D-A69B-34F6DD653C87}.Debug|Any CPU.Build.0 = Debug|Any CPU
		{EBA0D647-66BF-443D-A69B-34F6DD653C87}.Release|Any CPU.ActiveCfg = Release|Any CPU
		{EBA0D647-66BF-443D-A69B-34F6DD653C87}.Release|Any CPU.Build.0 = Release|Any CPU
	EndGlobalSection
	GlobalSection(SolutionProperties) = preSolution
		HideSolutionNode = FALSE
	EndGlobalSection
	GlobalSection(ExtensibilityGlobals) = postSolution
		SolutionGuid = {14CC810B-A8DF-411C-823F-A533A0AE2932}
	EndGlobalSection
EndGlobal
