
Microsoft Visual Studio Solution File, Format Version 12.00
# Visual Studio Version 17
VisualStudioVersion = 17.3.32825.248
MinimumVisualStudioVersion = 10.0.40219.1
Project("{FAE04EC0-301F-11D3-BF4B-00C04F79EFBC}") = "12", "12\12.csproj", "{7753AE84-9FC7-4E76-BF99-3C67237EA31B}"
EndProject
Global
	GlobalSection(SolutionConfigurationPlatforms) = preSolution
		Debug|Any CPU = Debug|Any CPU
		Release|Any CPU = Release|Any CPU
	EndGlobalSection
	GlobalSection(ProjectConfigurationPlatforms) = postSolution
		{7753AE84-9FC7-4E76-BF99-3C67237EA31B}.Debug|Any CPU.ActiveCfg = Debug|Any CPU
		{7753AE84-9FC7-4E76-BF99-3C67237EA31B}.Debug|Any CPU.Build.0 = Debug|Any CPU
		{7753AE84-9FC7-4E76-BF99-3C67237EA31B}.Release|Any CPU.ActiveCfg = Release|Any CPU
		{7753AE84-9FC7-4E76-BF99-3C67237EA31B}.Release|Any CPU.Build.0 = Release|Any CPU
	EndGlobalSection
	GlobalSection(SolutionProperties) = preSolution
		HideSolutionNode = FALSE
	EndGlobalSection
	GlobalSection(ExtensibilityGlobals) = postSolution
		SolutionGuid = {1C93FD36-9F42-4F39-B650-0442F1DB1998}
	EndGlobalSection
EndGlobal
