
Microsoft Visual Studio Solution File, Format Version 12.00
# Visual Studio Version 17
VisualStudioVersion = 17.3.32825.248
MinimumVisualStudioVersion = 10.0.40219.1
Project("{FAE04EC0-301F-11D3-BF4B-00C04F79EFBC}") = "03", "03\03.csproj", "{EC058E35-D335-4A3F-AABE-AF55832AFAED}"
EndProject
Global
	GlobalSection(SolutionConfigurationPlatforms) = preSolution
		Debug|Any CPU = Debug|Any CPU
		Release|Any CPU = Release|Any CPU
	EndGlobalSection
	GlobalSection(ProjectConfigurationPlatforms) = postSolution
		{EC058E35-D335-4A3F-AABE-AF55832AFAED}.Debug|Any CPU.ActiveCfg = Debug|Any CPU
		{EC058E35-D335-4A3F-AABE-AF55832AFAED}.Debug|Any CPU.Build.0 = Debug|Any CPU
		{EC058E35-D335-4A3F-AABE-AF55832AFAED}.Release|Any CPU.ActiveCfg = Release|Any CPU
		{EC058E35-D335-4A3F-AABE-AF55832AFAED}.Release|Any CPU.Build.0 = Release|Any CPU
	EndGlobalSection
	GlobalSection(SolutionProperties) = preSolution
		HideSolutionNode = FALSE
	EndGlobalSection
	GlobalSection(ExtensibilityGlobals) = postSolution
		SolutionGuid = {6C1C2BDF-F880-4029-95E1-675FB7AEEB52}
	EndGlobalSection
EndGlobal
