
Microsoft Visual Studio Solution File, Format Version 12.00
# Visual Studio Version 17
VisualStudioVersion = 17.3.32825.248
MinimumVisualStudioVersion = 10.0.40219.1
Project("{FAE04EC0-301F-11D3-BF4B-00C04F79EFBC}") = "44", "44\44.csproj", "{28E1328B-F140-43EC-A255-BC90DC084AEA}"
EndProject
Global
	GlobalSection(SolutionConfigurationPlatforms) = preSolution
		Debug|Any CPU = Debug|Any CPU
		Release|Any CPU = Release|Any CPU
	EndGlobalSection
	GlobalSection(ProjectConfigurationPlatforms) = postSolution
		{28E1328B-F140-43EC-A255-BC90DC084AEA}.Debug|Any CPU.ActiveCfg = Debug|Any CPU
		{28E1328B-F140-43EC-A255-BC90DC084AEA}.Debug|Any CPU.Build.0 = Debug|Any CPU
		{28E1328B-F140-43EC-A255-BC90DC084AEA}.Release|Any CPU.ActiveCfg = Release|Any CPU
		{28E1328B-F140-43EC-A255-BC90DC084AEA}.Release|Any CPU.Build.0 = Release|Any CPU
	EndGlobalSection
	GlobalSection(SolutionProperties) = preSolution
		HideSolutionNode = FALSE
	EndGlobalSection
	GlobalSection(ExtensibilityGlobals) = postSolution
		SolutionGuid = {83CAFA41-18E3-404A-B1FF-84D758BB3529}
	EndGlobalSection
EndGlobal
