
Microsoft Visual Studio Solution File, Format Version 12.00
# Visual Studio Version 17
VisualStudioVersion = 17.3.32825.248
MinimumVisualStudioVersion = 10.0.40219.1
Project("{FAE04EC0-301F-11D3-BF4B-00C04F79EFBC}") = "48", "48\48.csproj", "{D232764C-364E-4C14-A195-39E7E7514416}"
EndProject
Global
	GlobalSection(SolutionConfigurationPlatforms) = preSolution
		Debug|Any CPU = Debug|Any CPU
		Release|Any CPU = Release|Any CPU
	EndGlobalSection
	GlobalSection(ProjectConfigurationPlatforms) = postSolution
		{D232764C-364E-4C14-A195-39E7E7514416}.Debug|Any CPU.ActiveCfg = Debug|Any CPU
		{D232764C-364E-4C14-A195-39E7E7514416}.Debug|Any CPU.Build.0 = Debug|Any CPU
		{D232764C-364E-4C14-A195-39E7E7514416}.Release|Any CPU.ActiveCfg = Release|Any CPU
		{D232764C-364E-4C14-A195-39E7E7514416}.Release|Any CPU.Build.0 = Release|Any CPU
	EndGlobalSection
	GlobalSection(SolutionProperties) = preSolution
		HideSolutionNode = FALSE
	EndGlobalSection
	GlobalSection(ExtensibilityGlobals) = postSolution
		SolutionGuid = {9347B132-6CB8-4F03-9599-B8DDD1ABDC39}
	EndGlobalSection
EndGlobal
