
Microsoft Visual Studio Solution File, Format Version 12.00
# Visual Studio Version 17
VisualStudioVersion = 17.3.32825.248
MinimumVisualStudioVersion = 10.0.40219.1
Project("{FAE04EC0-301F-11D3-BF4B-00C04F79EFBC}") = "41", "41\41.csproj", "{E161BFAD-BBA3-47C2-AC02-2B7EA4B55CA3}"
EndProject
Global
	GlobalSection(SolutionConfigurationPlatforms) = preSolution
		Debug|Any CPU = Debug|Any CPU
		Release|Any CPU = Release|Any CPU
	EndGlobalSection
	GlobalSection(ProjectConfigurationPlatforms) = postSolution
		{E161BFAD-BBA3-47C2-AC02-2B7EA4B55CA3}.Debug|Any CPU.ActiveCfg = Debug|Any CPU
		{E161BFAD-BBA3-47C2-AC02-2B7EA4B55CA3}.Debug|Any CPU.Build.0 = Debug|Any CPU
		{E161BFAD-BBA3-47C2-AC02-2B7EA4B55CA3}.Release|Any CPU.ActiveCfg = Release|Any CPU
		{E161BFAD-BBA3-47C2-AC02-2B7EA4B55CA3}.Release|Any CPU.Build.0 = Release|Any CPU
	EndGlobalSection
	GlobalSection(SolutionProperties) = preSolution
		HideSolutionNode = FALSE
	EndGlobalSection
	GlobalSection(ExtensibilityGlobals) = postSolution
		SolutionGuid = {7887CA9F-AA58-4068-A938-C67A015CB922}
	EndGlobalSection
EndGlobal
