
Microsoft Visual Studio Solution File, Format Version 12.00
# Visual Studio Version 17
VisualStudioVersion = 17.3.32825.248
MinimumVisualStudioVersion = 10.0.40219.1
Project("{FAE04EC0-301F-11D3-BF4B-00C04F79EFBC}") = "26", "26\26.csproj", "{73EC907D-137B-405A-B2C1-5C229D4C5146}"
EndProject
Global
	GlobalSection(SolutionConfigurationPlatforms) = preSolution
		Debug|Any CPU = Debug|Any CPU
		Release|Any CPU = Release|Any CPU
	EndGlobalSection
	GlobalSection(ProjectConfigurationPlatforms) = postSolution
		{73EC907D-137B-405A-B2C1-5C229D4C5146}.Debug|Any CPU.ActiveCfg = Debug|Any CPU
		{73EC907D-137B-405A-B2C1-5C229D4C5146}.Debug|Any CPU.Build.0 = Debug|Any CPU
		{73EC907D-137B-405A-B2C1-5C229D4C5146}.Release|Any CPU.ActiveCfg = Release|Any CPU
		{73EC907D-137B-405A-B2C1-5C229D4C5146}.Release|Any CPU.Build.0 = Release|Any CPU
	EndGlobalSection
	GlobalSection(SolutionProperties) = preSolution
		HideSolutionNode = FALSE
	EndGlobalSection
	GlobalSection(ExtensibilityGlobals) = postSolution
		SolutionGuid = {C15FCA39-6C26-42F9-AD1F-3079D80EF5F7}
	EndGlobalSection
EndGlobal
