
Microsoft Visual Studio Solution File, Format Version 12.00
# Visual Studio Version 17
VisualStudioVersion = 17.3.32825.248
MinimumVisualStudioVersion = 10.0.40219.1
Project("{FAE04EC0-301F-11D3-BF4B-00C04F79EFBC}") = "4", "4\4.csproj", "{566F5938-A845-47D1-A357-9D87B5923B04}"
EndProject
Global
	GlobalSection(SolutionConfigurationPlatforms) = preSolution
		Debug|Any CPU = Debug|Any CPU
		Release|Any CPU = Release|Any CPU
	EndGlobalSection
	GlobalSection(ProjectConfigurationPlatforms) = postSolution
		{566F5938-A845-47D1-A357-9D87B5923B04}.Debug|Any CPU.ActiveCfg = Debug|Any CPU
		{566F5938-A845-47D1-A357-9D87B5923B04}.Debug|Any CPU.Build.0 = Debug|Any CPU
		{566F5938-A845-47D1-A357-9D87B5923B04}.Release|Any CPU.ActiveCfg = Release|Any CPU
		{566F5938-A845-47D1-A357-9D87B5923B04}.Release|Any CPU.Build.0 = Release|Any CPU
	EndGlobalSection
	GlobalSection(SolutionProperties) = preSolution
		HideSolutionNode = FALSE
	EndGlobalSection
	GlobalSection(ExtensibilityGlobals) = postSolution
		SolutionGuid = {6EC2875A-C9B2-41AD-BE07-31ED79945FB1}
	EndGlobalSection
EndGlobal
