
Microsoft Visual Studio Solution File, Format Version 12.00
# Visual Studio Version 17
VisualStudioVersion = 17.3.32825.248
MinimumVisualStudioVersion = 10.0.40219.1
Project("{FAE04EC0-301F-11D3-BF4B-00C04F79EFBC}") = "45", "45\45.csproj", "{A8E574D9-F79E-4C2D-B615-426621EE28A5}"
EndProject
Global
	GlobalSection(SolutionConfigurationPlatforms) = preSolution
		Debug|Any CPU = Debug|Any CPU
		Release|Any CPU = Release|Any CPU
	EndGlobalSection
	GlobalSection(ProjectConfigurationPlatforms) = postSolution
		{A8E574D9-F79E-4C2D-B615-426621EE28A5}.Debug|Any CPU.ActiveCfg = Debug|Any CPU
		{A8E574D9-F79E-4C2D-B615-426621EE28A5}.Debug|Any CPU.Build.0 = Debug|Any CPU
		{A8E574D9-F79E-4C2D-B615-426621EE28A5}.Release|Any CPU.ActiveCfg = Release|Any CPU
		{A8E574D9-F79E-4C2D-B615-426621EE28A5}.Release|Any CPU.Build.0 = Release|Any CPU
	EndGlobalSection
	GlobalSection(SolutionProperties) = preSolution
		HideSolutionNode = FALSE
	EndGlobalSection
	GlobalSection(ExtensibilityGlobals) = postSolution
		SolutionGuid = {AAD99D29-EE38-402D-80E6-48BA6973CFFB}
	EndGlobalSection
EndGlobal
